# This file is generated by running "yarn install" inside your project.
# Manual changes might be lost - proceed with caution!

__metadata:
  version: 6
  cacheKey: 8

"airplane@npm:0.1.2":
  version: 0.1.2
  resolution: "airplane@npm:0.1.2"
  dependencies:
    uuid: ^8.3.0
  checksum: 63382b890ba09b9bd5c61867869c5e43fe02a2261aa49aceb59bdcba6bd4a52f521f638cf307d3397f065e3735c1430377c173a92af78e585f0c35b5d29cf7a9
  languageName: node
  linkType: hard

"root-workspace-0b6124@workspace:.":
  version: 0.0.0-use.local
  resolution: "root-workspace-0b6124@workspace:."
  dependencies:
    airplane: 0.1.2
  languageName: unknown
  linkType: soft

"uuid@npm:^8.3.0":
  version: 8.3.2
  resolution: "uuid@npm:8.3.2"
  bin:
    uuid: dist/bin/uuid
  checksum: 5575a8a75c13120e2f10e6ddc801b2c7ed7d8f3c8ac22c7ed0c7b2ba6383ec0abda88c905085d630e251719e0777045ae3236f04c812184b7c765f63a70e58df
  languageName: node
  linkType: hard
