# THIS IS AN AUTOGENERATED FILE. DO NOT EDIT THIS FILE DIRECTLY.
# yarn lockfile v1


airplane@0.1.2:
  version "0.1.2"
  resolved "https://registry.yarnpkg.com/airplane/-/airplane-0.1.2.tgz#56a16c70e9550e52f658186bce89f2ffed93d5b6"
  integrity sha512-X37WLeGZSZoMP8Zmy3pVa87vQuShEdKoUyLXVcwTy8YBBv+udYFL0yqHbkuN1q0uXIJcRRd8Sf4qmFPHbrTLBA==
  dependencies:
    uuid "^8.3.0"

uuid@^8.3.0:
  version "8.3.2"
  resolved "https://registry.yarnpkg.com/uuid/-/uuid-8.3.2.tgz#80d5b5ced271bb9af6c445f21a1a04c606cefbe2"
  integrity sha512-+NYs2QeMWy+GWFOEm9xnn6HCDp0l7QBD7ml8zLUmJ+93Q5NF0NocErnwkTkXVFNiX3/fpC6afS8Dhb/gz7R7eg==
